
Microsoft Visual Studio Solution File, Format Version 12.00
# Visual Studio 15
VisualStudioVersion = 15.0.28307.438
MinimumVisualStudioVersion = 10.0.40219.1
Project("{FAE04EC0-301F-11D3-BF4B-00C04F79EFBC}") = "AppForms", "AppForms\AppForms.csproj", "{3C6A2E90-2DF0-4916-8A8E-5374A15F7EDE}"
EndProject
Global
	GlobalSection(SolutionConfigurationPlatforms) = preSolution
		Debug|Any CPU = Debug|Any CPU
		Release|Any CPU = Release|Any CPU
	EndGlobalSection
	GlobalSection(ProjectConfigurationPlatforms) = postSolution
		{3C6A2E90-2DF0-4916-8A8E-5374A15F7EDE}.Debug|Any CPU.ActiveCfg = Debug|Any CPU
		{3C6A2E90-2DF0-4916-8A8E-5374A15F7EDE}.Debug|Any CPU.Build.0 = Debug|Any CPU
		{3C6A2E90-2DF0-4916-8A8E-5374A15F7EDE}.Release|Any CPU.ActiveCfg = Release|Any CPU
		{3C6A2E90-2DF0-4916-8A8E-5374A15F7EDE}.Release|Any CPU.Build.0 = Release|Any CPU
	EndGlobalSection
	GlobalSection(SolutionProperties) = preSolution
		HideSolutionNode = FALSE
	EndGlobalSection
	GlobalSection(ExtensibilityGlobals) = postSolution
		SolutionGuid = {0EDB72DD-3969-4D93-B646-E894100CBC68}
	EndGlobalSection
EndGlobal
